// !$*UTF8*$!
{
	archiveVersion = 1;
	classes = {
	};
	objectVersion = 46;
	objects = {

/* Begin PBXBuildFile section */
		4D9EC0022FB45DA54B97CB5C /* libPods-SmartGel.a in Frameworks */ = {isa = PBXBuildFile; fileRef = D7E78BA3CDC73ED1A175E361 /* libPods-SmartGel.a */; };
		8D199ED61FCC4AB300704CE2 /* SGSettingViewController.m in Sources */ = {isa = PBXBuildFile; fileRef = 8D199ED51FCC4AB300704CE2 /* SGSettingViewController.m */; };
		8D199ED91FCD56E200704CE2 /* SGHistoryDetailViewController.m in Sources */ = {isa = PBXBuildFile; fileRef = 8D199ED81FCD56E200704CE2 /* SGHistoryDetailViewController.m */; };
		8D24C5081FC510B300D6C070 /* smartgel-tests.json in Resources */ = {isa = PBXBuildFile; fileRef = 8D24C5071FC510B200D6C070 /* smartgel-tests.json */; };
		8D24C5111FC5AC0F00D6C070 /* SGGridView.m in Sources */ = {isa = PBXBuildFile; fileRef = 8D24C5101FC5AC0F00D6C070 /* SGGridView.m */; };
		8D24C5131FC5E3D600D6C070 /* test.png in Resources */ = {isa = PBXBuildFile; fileRef = 8D24C5121FC5E3D600D6C070 /* test.png */; };
		8D486CE81F87D67100CE0D4B /* GoogleService-Info.plist in Resources */ = {isa = PBXBuildFile; fileRef = 8D486CE71F87D67100CE0D4B /* GoogleService-Info.plist */; };
		8D5662531FD719D1008DFED2 /* SGLaboratoryViewController.m in Sources */ = {isa = PBXBuildFile; fileRef = 8D5662521FD719D1008DFED2 /* SGLaboratoryViewController.m */; };
		8D56625D1FD8247C008DFED2 /* Smiley_yellow.png in Resources */ = {isa = PBXBuildFile; fileRef = 8D5662561FD8247A008DFED2 /* Smiley_yellow.png */; };
		8D56625E1FD8247C008DFED2 /* Smiley_pink.png in Resources */ = {isa = PBXBuildFile; fileRef = 8D5662571FD8247A008DFED2 /* Smiley_pink.png */; };
		8D56625F1FD8247C008DFED2 /* Smiley_green.png in Resources */ = {isa = PBXBuildFile; fileRef = 8D5662581FD8247B008DFED2 /* Smiley_green.png */; };
		8D5662601FD8247C008DFED2 /* Smiley_).png in Resources */ = {isa = PBXBuildFile; fileRef = 8D5662591FD8247B008DFED2 /* Smiley_).png */; };
		8D5662611FD8247C008DFED2 /* puriSCOPE_logo_color_190x30px.png in Resources */ = {isa = PBXBuildFile; fileRef = 8D56625A1FD8247B008DFED2 /* puriSCOPE_logo_color_190x30px.png */; };
		8D5662621FD8247C008DFED2 /* Smiley_(.png in Resources */ = {isa = PBXBuildFile; fileRef = 8D56625B1FD8247B008DFED2 /* Smiley_(.png */; };
		8D5662631FD8247C008DFED2 /* Smiley_.png in Resources */ = {isa = PBXBuildFile; fileRef = 8D56625C1FD8247C008DFED2 /* Smiley_.png */; };
		8D56D54E1FECACD80051EE76 /* AJDropDownPicker.m in Sources */ = {isa = PBXBuildFile; fileRef = 8D56D54C1FECACD70051EE76 /* AJDropDownPicker.m */; };
		8D56D5531FED090A0051EE76 /* SGFirebaseManager.m in Sources */ = {isa = PBXBuildFile; fileRef = 8D56D5521FED090A0051EE76 /* SGFirebaseManager.m */; };
		8D5A01411FD08C54000FDB6D /* SGPictureEditViewController.m in Sources */ = {isa = PBXBuildFile; fileRef = 8D5A01401FD08C54000FDB6D /* SGPictureEditViewController.m */; };
		8D72F23D1FE5B97D0047CB66 /* SGUserSigninViewController.m in Sources */ = {isa = PBXBuildFile; fileRef = 8D72F23C1FE5B97D0047CB66 /* SGUserSigninViewController.m */; };
		8D80B2C11F7CA2C70025B804 /* EstimateImageModel.m in Sources */ = {isa = PBXBuildFile; fileRef = 8D80B2C01F7CA2C70025B804 /* EstimateImageModel.m */; };
		8D80B2C31F7CA4700025B804 /* AVFoundation.framework in Frameworks */ = {isa = PBXBuildFile; fileRef = 8D80B2C21F7CA4700025B804 /* AVFoundation.framework */; };
		8D80B2C51F7CA4790025B804 /* QuartzCore.framework in Frameworks */ = {isa = PBXBuildFile; fileRef = 8D80B2C41F7CA4790025B804 /* QuartzCore.framework */; };
		8D80B2C71F7CA5A70025B804 /* Foundation.framework in Frameworks */ = {isa = PBXBuildFile; fileRef = 8D80B2C61F7CA5A70025B804 /* Foundation.framework */; };
		8D80B2CE1F7CF4BA0025B804 /* SGHistoryViewController.m in Sources */ = {isa = PBXBuildFile; fileRef = 8D80B2CD1F7CF4BA0025B804 /* SGHistoryViewController.m */; };
		8D80B2D61F7CFE810025B804 /* SGDateTimePickerView.m in Sources */ = {isa = PBXBuildFile; fileRef = 8D80B2D01F7CFE810025B804 /* SGDateTimePickerView.m */; };
		8D80B2D71F7CFE810025B804 /* SGDateTimePickerView.xib in Resources */ = {isa = PBXBuildFile; fileRef = 8D80B2D11F7CFE810025B804 /* SGDateTimePickerView.xib */; };
		8D80B2D81F7CFE810025B804 /* SGFilterView.xib in Resources */ = {isa = PBXBuildFile; fileRef = 8D80B2D21F7CFE810025B804 /* SGFilterView.xib */; };
		8D80B2D91F7CFE810025B804 /* SmartGelHistoryCollectionViewCell.m in Sources */ = {isa = PBXBuildFile; fileRef = 8D80B2D41F7CFE810025B804 /* SmartGelHistoryCollectionViewCell.m */; };
		8D80B2DA1F7CFE810025B804 /* SmartGelHistoryCollectionViewCell.xib in Resources */ = {isa = PBXBuildFile; fileRef = 8D80B2D51F7CFE810025B804 /* SmartGelHistoryCollectionViewCell.xib */; };
		8D84CBB51FE813F2006B2F74 /* SGUser.m in Sources */ = {isa = PBXBuildFile; fileRef = 8D84CBB41FE813F2006B2F74 /* SGUser.m */; };
		8DA331F31F7C8F3C0066148E /* main.m in Sources */ = {isa = PBXBuildFile; fileRef = 8DA331F21F7C8F3C0066148E /* main.m */; };
		8DA331F61F7C8F3C0066148E /* AppDelegate.m in Sources */ = {isa = PBXBuildFile; fileRef = 8DA331F51F7C8F3C0066148E /* AppDelegate.m */; };
		8DA331FC1F7C8F3C0066148E /* Main.storyboard in Resources */ = {isa = PBXBuildFile; fileRef = 8DA331FA1F7C8F3C0066148E /* Main.storyboard */; };
		8DA331FE1F7C8F3C0066148E /* Assets.xcassets in Resources */ = {isa = PBXBuildFile; fileRef = 8DA331FD1F7C8F3C0066148E /* Assets.xcassets */; };
		8DA332011F7C8F3C0066148E /* LaunchScreen.storyboard in Resources */ = {isa = PBXBuildFile; fileRef = 8DA331FF1F7C8F3C0066148E /* LaunchScreen.storyboard */; };
		8DA3320D1F7C90430066148E /* SGHomeViewController.m in Sources */ = {isa = PBXBuildFile; fileRef = 8DA3320C1F7C90430066148E /* SGHomeViewController.m */; };
		8DA332121F7C92880066148E /* DirtyExtractor.m in Sources */ = {isa = PBXBuildFile; fileRef = 8DA332111F7C92880066148E /* DirtyExtractor.m */; };
		8DB0978C1F9338880053C203 /* SGMenuTableViewCell.m in Sources */ = {isa = PBXBuildFile; fileRef = 8DB0978B1F9338880053C203 /* SGMenuTableViewCell.m */; };
		8DB0978E1F9338E20053C203 /* SGMenuTableViewCell.xib in Resources */ = {isa = PBXBuildFile; fileRef = 8DB0978D1F9338E20053C203 /* SGMenuTableViewCell.xib */; };
		8DB097911F933A380053C203 /* SGMenuViewController.m in Sources */ = {isa = PBXBuildFile; fileRef = 8DB097901F933A380053C203 /* SGMenuViewController.m */; };
		8DB669EB1FDA236100BB3966 /* LaboratoryDataModel.m in Sources */ = {isa = PBXBuildFile; fileRef = 8DB669EA1FDA236100BB3966 /* LaboratoryDataModel.m */; };
		8DB669ED1FDA8FA800BB3966 /* AddressBook.framework in Frameworks */ = {isa = PBXBuildFile; fileRef = 8DB669EC1FDA8FA000BB3966 /* AddressBook.framework */; };
		8DB669F41FDE318E00BB3966 /* SGLaboratoryCollectionViewCell.m in Sources */ = {isa = PBXBuildFile; fileRef = 8DB669F21FDE318E00BB3966 /* SGLaboratoryCollectionViewCell.m */; };
		8DB669F51FDE318E00BB3966 /* SGLaboratoryCollectionViewCell.xib in Resources */ = {isa = PBXBuildFile; fileRef = 8DB669F31FDE318E00BB3966 /* SGLaboratoryCollectionViewCell.xib */; };
		8DB669F91FDE8B6100BB3966 /* SGLaboratoryItemViewController.m in Sources */ = {isa = PBXBuildFile; fileRef = 8DB669F81FDE8B6100BB3966 /* SGLaboratoryItemViewController.m */; };
		8DDC4FD21F93C8EE00C92EEB /* SGWebViewController.m in Sources */ = {isa = PBXBuildFile; fileRef = 8DDC4FD11F93C8EE00C92EEB /* SGWebViewController.m */; };
		8DDC4FD51F93E41600C92EEB /* SGPdfViewController.m in Sources */ = {isa = PBXBuildFile; fileRef = 8DDC4FD41F93E41600C92EEB /* SGPdfViewController.m */; };
		8DDC4FD81F9445A400C92EEB /* SGBaseViewController.m in Sources */ = {isa = PBXBuildFile; fileRef = 8DDC4FD71F9445A400C92EEB /* SGBaseViewController.m */; };
		8DDC4FDB1F944ED400C92EEB /* tm_smart_gel.png in Resources */ = {isa = PBXBuildFile; fileRef = 8DDC4FDA1F944ED200C92EEB /* tm_smart_gel.png */; };
		8DFCFD791FE665FD0074663B /* SGUserSignUpViewController.m in Sources */ = {isa = PBXBuildFile; fileRef = 8DFCFD781FE665FD0074663B /* SGUserSignUpViewController.m */; };
		8DFCFD7F1FE6764C0074663B /* SGForgotPasswordViewController.m in Sources */ = {isa = PBXBuildFile; fileRef = 8DFCFD7E1FE6764C0074663B /* SGForgotPasswordViewController.m */; };
/* End PBXBuildFile section */

/* Begin PBXFileReference section */
		6058976D360D4762C162A03D /* Pods-SmartGel.release.xcconfig */ = {isa = PBXFileReference; includeInIndex = 1; lastKnownFileType = text.xcconfig; name = "Pods-SmartGel.release.xcconfig"; path = "Pods/Target Support Files/Pods-SmartGel/Pods-SmartGel.release.xcconfig"; sourceTree = "<group>"; };
		8D199ED41FCC4AB300704CE2 /* SGSettingViewController.h */ = {isa = PBXFileReference; lastKnownFileType = sourcecode.c.h; name = SGSettingViewController.h; path = controller/SGSettingViewController.h; sourceTree = "<group>"; };
		8D199ED51FCC4AB300704CE2 /* SGSettingViewController.m */ = {isa = PBXFileReference; lastKnownFileType = sourcecode.c.objc; name = SGSettingViewController.m; path = controller/SGSettingViewController.m; sourceTree = "<group>"; };
		8D199ED71FCD56E200704CE2 /* SGHistoryDetailViewController.h */ = {isa = PBXFileReference; lastKnownFileType = sourcecode.c.h; name = SGHistoryDetailViewController.h; path = controller/SGHistoryDetailViewController.h; sourceTree = "<group>"; };
		8D199ED81FCD56E200704CE2 /* SGHistoryDetailViewController.m */ = {isa = PBXFileReference; lastKnownFileType = sourcecode.c.objc; name = SGHistoryDetailViewController.m; path = controller/SGHistoryDetailViewController.m; sourceTree = "<group>"; };
		8D24C5071FC510B200D6C070 /* smartgel-tests.json */ = {isa = PBXFileReference; fileEncoding = 4; lastKnownFileType = text.json; name = "smartgel-tests.json"; path = "resource/smartgel-tests.json"; sourceTree = "<group>"; };
		8D24C50F1FC5AC0F00D6C070 /* SGGridView.h */ = {isa = PBXFileReference; lastKnownFileType = sourcecode.c.h; path = SGGridView.h; sourceTree = "<group>"; };
		8D24C5101FC5AC0F00D6C070 /* SGGridView.m */ = {isa = PBXFileReference; lastKnownFileType = sourcecode.c.objc; path = SGGridView.m; sourceTree = "<group>"; };
		8D24C5121FC5E3D600D6C070 /* test.png */ = {isa = PBXFileReference; lastKnownFileType = image.png; path = test.png; sourceTree = "<group>"; };
		8D486CE71F87D67100CE0D4B /* GoogleService-Info.plist */ = {isa = PBXFileReference; fileEncoding = 4; lastKnownFileType = text.plist.xml; path = "GoogleService-Info.plist"; sourceTree = "<group>"; };
		8D5662511FD719D1008DFED2 /* SGLaboratoryViewController.h */ = {isa = PBXFileReference; lastKnownFileType = sourcecode.c.h; name = SGLaboratoryViewController.h; path = controller/SGLaboratoryViewController.h; sourceTree = "<group>"; };
		8D5662521FD719D1008DFED2 /* SGLaboratoryViewController.m */ = {isa = PBXFileReference; lastKnownFileType = sourcecode.c.objc; name = SGLaboratoryViewController.m; path = controller/SGLaboratoryViewController.m; sourceTree = "<group>"; };
		8D5662561FD8247A008DFED2 /* Smiley_yellow.png */ = {isa = PBXFileReference; lastKnownFileType = image.png; name = Smiley_yellow.png; path = resource/Smiley_yellow.png; sourceTree = "<group>"; };
		8D5662571FD8247A008DFED2 /* Smiley_pink.png */ = {isa = PBXFileReference; lastKnownFileType = image.png; name = Smiley_pink.png; path = resource/Smiley_pink.png; sourceTree = "<group>"; };
		8D5662581FD8247B008DFED2 /* Smiley_green.png */ = {isa = PBXFileReference; lastKnownFileType = image.png; name = Smiley_green.png; path = resource/Smiley_green.png; sourceTree = "<group>"; };
		8D5662591FD8247B008DFED2 /* Smiley_).png */ = {isa = PBXFileReference; lastKnownFileType = image.png; name = "Smiley_).png"; path = "resource/Smiley_).png"; sourceTree = "<group>"; };
		8D56625A1FD8247B008DFED2 /* puriSCOPE_logo_color_190x30px.png */ = {isa = PBXFileReference; lastKnownFileType = image.png; name = puriSCOPE_logo_color_190x30px.png; path = resource/puriSCOPE_logo_color_190x30px.png; sourceTree = "<group>"; };
		8D56625B1FD8247B008DFED2 /* Smiley_(.png */ = {isa = PBXFileReference; lastKnownFileType = image.png; name = "Smiley_(.png"; path = "resource/Smiley_(.png"; sourceTree = "<group>"; };
		8D56625C1FD8247C008DFED2 /* Smiley_.png */ = {isa = PBXFileReference; lastKnownFileType = image.png; name = Smiley_.png; path = resource/Smiley_.png; sourceTree = "<group>"; };
		8D56D54C1FECACD70051EE76 /* AJDropDownPicker.m */ = {isa = PBXFileReference; fileEncoding = 4; lastKnownFileType = sourcecode.c.objc; name = AJDropDownPicker.m; path = shared/DropDownPicker/AJDropDownPicker.m; sourceTree = "<group>"; };
		8D56D54D1FECACD70051EE76 /* AJDropDownPicker.h */ = {isa = PBXFileReference; fileEncoding = 4; lastKnownFileType = sourcecode.c.h; name = AJDropDownPicker.h; path = shared/DropDownPicker/AJDropDownPicker.h; sourceTree = "<group>"; };
		8D56D5511FED090A0051EE76 /* SGFirebaseManager.h */ = {isa = PBXFileReference; lastKnownFileType = sourcecode.c.h; name = SGFirebaseManager.h; path = manager/SGFirebaseManager.h; sourceTree = "<group>"; };
		8D56D5521FED090A0051EE76 /* SGFirebaseManager.m */ = {isa = PBXFileReference; lastKnownFileType = sourcecode.c.objc; name = SGFirebaseManager.m; path = manager/SGFirebaseManager.m; sourceTree = "<group>"; };
		8D5A013F1FD08C54000FDB6D /* SGPictureEditViewController.h */ = {isa = PBXFileReference; lastKnownFileType = sourcecode.c.h; name = SGPictureEditViewController.h; path = controller/SGPictureEditViewController.h; sourceTree = "<group>"; };
		8D5A01401FD08C54000FDB6D /* SGPictureEditViewController.m */ = {isa = PBXFileReference; lastKnownFileType = sourcecode.c.objc; name = SGPictureEditViewController.m; path = controller/SGPictureEditViewController.m; sourceTree = "<group>"; };
		8D72F23B1FE5B97D0047CB66 /* SGUserSigninViewController.h */ = {isa = PBXFileReference; lastKnownFileType = sourcecode.c.h; name = SGUserSigninViewController.h; path = controller/Signin/SGUserSigninViewController.h; sourceTree = "<group>"; };
		8D72F23C1FE5B97D0047CB66 /* SGUserSigninViewController.m */ = {isa = PBXFileReference; lastKnownFileType = sourcecode.c.objc; name = SGUserSigninViewController.m; path = controller/Signin/SGUserSigninViewController.m; sourceTree = "<group>"; };
		8D80B2BF1F7CA2C70025B804 /* EstimateImageModel.h */ = {isa = PBXFileReference; fileEncoding = 4; lastKnownFileType = sourcecode.c.h; name = EstimateImageModel.h; path = model/EstimateImageModel.h; sourceTree = "<group>"; };
		8D80B2C01F7CA2C70025B804 /* EstimateImageModel.m */ = {isa = PBXFileReference; fileEncoding = 4; lastKnownFileType = sourcecode.c.objc; name = EstimateImageModel.m; path = model/EstimateImageModel.m; sourceTree = "<group>"; };
		8D80B2C21F7CA4700025B804 /* AVFoundation.framework */ = {isa = PBXFileReference; lastKnownFileType = wrapper.framework; name = AVFoundation.framework; path = System/Library/Frameworks/AVFoundation.framework; sourceTree = SDKROOT; };
		8D80B2C41F7CA4790025B804 /* QuartzCore.framework */ = {isa = PBXFileReference; lastKnownFileType = wrapper.framework; name = QuartzCore.framework; path = System/Library/Frameworks/QuartzCore.framework; sourceTree = SDKROOT; };
		8D80B2C61F7CA5A70025B804 /* Foundation.framework */ = {isa = PBXFileReference; lastKnownFileType = wrapper.framework; name = Foundation.framework; path = System/Library/Frameworks/Foundation.framework; sourceTree = SDKROOT; };
		8D80B2CC1F7CF4BA0025B804 /* SGHistoryViewController.h */ = {isa = PBXFileReference; fileEncoding = 4; lastKnownFileType = sourcecode.c.h; path = SGHistoryViewController.h; sourceTree = "<group>"; };
		8D80B2CD1F7CF4BA0025B804 /* SGHistoryViewController.m */ = {isa = PBXFileReference; fileEncoding = 4; lastKnownFileType = sourcecode.c.objc; path = SGHistoryViewController.m; sourceTree = "<group>"; };
		8D80B2CF1F7CFE810025B804 /* SGDateTimePickerView.h */ = {isa = PBXFileReference; fileEncoding = 4; lastKnownFileType = sourcecode.c.h; name = SGDateTimePickerView.h; path = view/SGDateTimePickerView.h; sourceTree = "<group>"; };
		8D80B2D01F7CFE810025B804 /* SGDateTimePickerView.m */ = {isa = PBXFileReference; fileEncoding = 4; lastKnownFileType = sourcecode.c.objc; name = SGDateTimePickerView.m; path = view/SGDateTimePickerView.m; sourceTree = "<group>"; };
		8D80B2D11F7CFE810025B804 /* SGDateTimePickerView.xib */ = {isa = PBXFileReference; fileEncoding = 4; lastKnownFileType = file.xib; name = SGDateTimePickerView.xib; path = view/SGDateTimePickerView.xib; sourceTree = "<group>"; };
		8D80B2D21F7CFE810025B804 /* SGFilterView.xib */ = {isa = PBXFileReference; fileEncoding = 4; lastKnownFileType = file.xib; name = SGFilterView.xib; path = view/SGFilterView.xib; sourceTree = "<group>"; };
		8D80B2D31F7CFE810025B804 /* SmartGelHistoryCollectionViewCell.h */ = {isa = PBXFileReference; fileEncoding = 4; lastKnownFileType = sourcecode.c.h; name = SmartGelHistoryCollectionViewCell.h; path = view/SmartGelHistoryCollectionViewCell.h; sourceTree = "<group>"; };
		8D80B2D41F7CFE810025B804 /* SmartGelHistoryCollectionViewCell.m */ = {isa = PBXFileReference; fileEncoding = 4; lastKnownFileType = sourcecode.c.objc; name = SmartGelHistoryCollectionViewCell.m; path = view/SmartGelHistoryCollectionViewCell.m; sourceTree = "<group>"; };
		8D80B2D51F7CFE810025B804 /* SmartGelHistoryCollectionViewCell.xib */ = {isa = PBXFileReference; fileEncoding = 4; lastKnownFileType = file.xib; name = SmartGelHistoryCollectionViewCell.xib; path = view/SmartGelHistoryCollectionViewCell.xib; sourceTree = "<group>"; };
		8D84CBB31FE813F2006B2F74 /* SGUser.h */ = {isa = PBXFileReference; lastKnownFileType = sourcecode.c.h; name = SGUser.h; path = model/SGUser.h; sourceTree = "<group>"; };
		8D84CBB41FE813F2006B2F74 /* SGUser.m */ = {isa = PBXFileReference; lastKnownFileType = sourcecode.c.objc; name = SGUser.m; path = model/SGUser.m; sourceTree = "<group>"; };
		8DA331EE1F7C8F3C0066148E /* SmartGel.app */ = {isa = PBXFileReference; explicitFileType = wrapper.application; includeInIndex = 0; path = SmartGel.app; sourceTree = BUILT_PRODUCTS_DIR; };
		8DA331F21F7C8F3C0066148E /* main.m */ = {isa = PBXFileReference; lastKnownFileType = sourcecode.c.objc; path = main.m; sourceTree = "<group>"; };
		8DA331F41F7C8F3C0066148E /* AppDelegate.h */ = {isa = PBXFileReference; lastKnownFileType = sourcecode.c.h; path = AppDelegate.h; sourceTree = "<group>"; };
		8DA331F51F7C8F3C0066148E /* AppDelegate.m */ = {isa = PBXFileReference; lastKnownFileType = sourcecode.c.objc; path = AppDelegate.m; sourceTree = "<group>"; };
		8DA331FB1F7C8F3C0066148E /* Base */ = {isa = PBXFileReference; lastKnownFileType = file.storyboard; name = Base; path = Base.lproj/Main.storyboard; sourceTree = "<group>"; };
		8DA331FD1F7C8F3C0066148E /* Assets.xcassets */ = {isa = PBXFileReference; lastKnownFileType = folder.assetcatalog; path = Assets.xcassets; sourceTree = "<group>"; };
		8DA332001F7C8F3C0066148E /* Base */ = {isa = PBXFileReference; lastKnownFileType = file.storyboard; name = Base; path = Base.lproj/LaunchScreen.storyboard; sourceTree = "<group>"; };
		8DA332021F7C8F3C0066148E /* Info.plist */ = {isa = PBXFileReference; lastKnownFileType = text.plist.xml; path = Info.plist; sourceTree = "<group>"; };
		8DA3320B1F7C90430066148E /* SGHomeViewController.h */ = {isa = PBXFileReference; fileEncoding = 4; lastKnownFileType = sourcecode.c.h; name = SGHomeViewController.h; path = controller/SGHomeViewController.h; sourceTree = "<group>"; };
		8DA3320C1F7C90430066148E /* SGHomeViewController.m */ = {isa = PBXFileReference; fileEncoding = 4; lastKnownFileType = sourcecode.c.objc; name = SGHomeViewController.m; path = controller/SGHomeViewController.m; sourceTree = "<group>"; };
		8DA332101F7C92880066148E /* DirtyExtractor.h */ = {isa = PBXFileReference; fileEncoding = 4; lastKnownFileType = sourcecode.c.h; name = DirtyExtractor.h; path = shared/engine/DirtyExtractor.h; sourceTree = "<group>"; };
		8DA332111F7C92880066148E /* DirtyExtractor.m */ = {isa = PBXFileReference; fileEncoding = 4; lastKnownFileType = sourcecode.c.objc; name = DirtyExtractor.m; path = shared/engine/DirtyExtractor.m; sourceTree = "<group>"; };
		8DB0978A1F9338880053C203 /* SGMenuTableViewCell.h */ = {isa = PBXFileReference; lastKnownFileType = sourcecode.c.h; name = SGMenuTableViewCell.h; path = view/SGMenuTableViewCell.h; sourceTree = "<group>"; };
		8DB0978B1F9338880053C203 /* SGMenuTableViewCell.m */ = {isa = PBXFileReference; lastKnownFileType = sourcecode.c.objc; name = SGMenuTableViewCell.m; path = view/SGMenuTableViewCell.m; sourceTree = "<group>"; };
		8DB0978D1F9338E20053C203 /* SGMenuTableViewCell.xib */ = {isa = PBXFileReference; fileEncoding = 4; lastKnownFileType = file.xib; name = SGMenuTableViewCell.xib; path = view/SGMenuTableViewCell.xib; sourceTree = "<group>"; };
		8DB0978F1F933A380053C203 /* SGMenuViewController.h */ = {isa = PBXFileReference; lastKnownFileType = sourcecode.c.h; name = SGMenuViewController.h; path = controller/SGMenuViewController.h; sourceTree = "<group>"; };
		8DB097901F933A380053C203 /* SGMenuViewController.m */ = {isa = PBXFileReference; lastKnownFileType = sourcecode.c.objc; name = SGMenuViewController.m; path = controller/SGMenuViewController.m; sourceTree = "<group>"; };
		8DB097931F93456A0053C203 /* SGConstant.h */ = {isa = PBXFileReference; lastKnownFileType = sourcecode.c.h; path = SGConstant.h; sourceTree = "<group>"; };
		8DB669E91FDA236100BB3966 /* LaboratoryDataModel.h */ = {isa = PBXFileReference; lastKnownFileType = sourcecode.c.h; name = LaboratoryDataModel.h; path = model/LaboratoryDataModel.h; sourceTree = "<group>"; };
		8DB669EA1FDA236100BB3966 /* LaboratoryDataModel.m */ = {isa = PBXFileReference; lastKnownFileType = sourcecode.c.objc; name = LaboratoryDataModel.m; path = model/LaboratoryDataModel.m; sourceTree = "<group>"; };
		8DB669EC1FDA8FA000BB3966 /* AddressBook.framework */ = {isa = PBXFileReference; lastKnownFileType = wrapper.framework; name = AddressBook.framework; path = System/Library/Frameworks/AddressBook.framework; sourceTree = SDKROOT; };
		8DB669EE1FDA8FB400BB3966 /* AddressBookUI.framework */ = {isa = PBXFileReference; lastKnownFileType = wrapper.framework; name = AddressBookUI.framework; path = System/Library/Frameworks/AddressBookUI.framework; sourceTree = SDKROOT; };
		8DB669EF1FDB05F800BB3966 /* Contacts.framework */ = {isa = PBXFileReference; lastKnownFileType = wrapper.framework; name = Contacts.framework; path = System/Library/Frameworks/Contacts.framework; sourceTree = SDKROOT; };
		8DB669F01FDB060000BB3966 /* ContactsUI.framework */ = {isa = PBXFileReference; lastKnownFileType = wrapper.framework; name = ContactsUI.framework; path = System/Library/Frameworks/ContactsUI.framework; sourceTree = SDKROOT; };
		8DB669F11FDE318E00BB3966 /* SGLaboratoryCollectionViewCell.h */ = {isa = PBXFileReference; lastKnownFileType = sourcecode.c.h; name = SGLaboratoryCollectionViewCell.h; path = view/SGLaboratoryCollectionViewCell.h; sourceTree = "<group>"; };
		8DB669F21FDE318E00BB3966 /* SGLaboratoryCollectionViewCell.m */ = {isa = PBXFileReference; lastKnownFileType = sourcecode.c.objc; name = SGLaboratoryCollectionViewCell.m; path = view/SGLaboratoryCollectionViewCell.m; sourceTree = "<group>"; };
		8DB669F31FDE318E00BB3966 /* SGLaboratoryCollectionViewCell.xib */ = {isa = PBXFileReference; lastKnownFileType = file.xib; name = SGLaboratoryCollectionViewCell.xib; path = view/SGLaboratoryCollectionViewCell.xib; sourceTree = "<group>"; };
		8DB669F71FDE8B6100BB3966 /* SGLaboratoryItemViewController.h */ = {isa = PBXFileReference; lastKnownFileType = sourcecode.c.h; name = SGLaboratoryItemViewController.h; path = laboratory/SGLaboratoryItemViewController.h; sourceTree = "<group>"; };
		8DB669F81FDE8B6100BB3966 /* SGLaboratoryItemViewController.m */ = {isa = PBXFileReference; lastKnownFileType = sourcecode.c.objc; name = SGLaboratoryItemViewController.m; path = laboratory/SGLaboratoryItemViewController.m; sourceTree = "<group>"; };
		8DDC4FD01F93C8EE00C92EEB /* SGWebViewController.h */ = {isa = PBXFileReference; lastKnownFileType = sourcecode.c.h; name = SGWebViewController.h; path = controller/SGWebViewController.h; sourceTree = "<group>"; };
		8DDC4FD11F93C8EE00C92EEB /* SGWebViewController.m */ = {isa = PBXFileReference; lastKnownFileType = sourcecode.c.objc; name = SGWebViewController.m; path = controller/SGWebViewController.m; sourceTree = "<group>"; };
		8DDC4FD31F93E41600C92EEB /* SGPdfViewController.h */ = {isa = PBXFileReference; lastKnownFileType = sourcecode.c.h; name = SGPdfViewController.h; path = controller/SGPdfViewController.h; sourceTree = "<group>"; };
		8DDC4FD41F93E41600C92EEB /* SGPdfViewController.m */ = {isa = PBXFileReference; lastKnownFileType = sourcecode.c.objc; name = SGPdfViewController.m; path = controller/SGPdfViewController.m; sourceTree = "<group>"; };
		8DDC4FD61F9445A400C92EEB /* SGBaseViewController.h */ = {isa = PBXFileReference; lastKnownFileType = sourcecode.c.h; name = SGBaseViewController.h; path = controller/SGBaseViewController.h; sourceTree = "<group>"; };
		8DDC4FD71F9445A400C92EEB /* SGBaseViewController.m */ = {isa = PBXFileReference; lastKnownFileType = sourcecode.c.objc; name = SGBaseViewController.m; path = controller/SGBaseViewController.m; sourceTree = "<group>"; };
		8DDC4FDA1F944ED200C92EEB /* tm_smart_gel.png */ = {isa = PBXFileReference; lastKnownFileType = image.png; name = tm_smart_gel.png; path = resource/tm_smart_gel.png; sourceTree = "<group>"; };
		8DFCFD771FE665FD0074663B /* SGUserSignUpViewController.h */ = {isa = PBXFileReference; lastKnownFileType = sourcecode.c.h; name = SGUserSignUpViewController.h; path = controller/Signin/SGUserSignUpViewController.h; sourceTree = "<group>"; };
		8DFCFD781FE665FD0074663B /* SGUserSignUpViewController.m */ = {isa = PBXFileReference; lastKnownFileType = sourcecode.c.objc; name = SGUserSignUpViewController.m; path = controller/Signin/SGUserSignUpViewController.m; sourceTree = "<group>"; };
		8DFCFD7D1FE6764C0074663B /* SGForgotPasswordViewController.h */ = {isa = PBXFileReference; lastKnownFileType = sourcecode.c.h; name = SGForgotPasswordViewController.h; path = controller/Signin/SGForgotPasswordViewController.h; sourceTree = "<group>"; };
		8DFCFD7E1FE6764C0074663B /* SGForgotPasswordViewController.m */ = {isa = PBXFileReference; lastKnownFileType = sourcecode.c.objc; name = SGForgotPasswordViewController.m; path = controller/Signin/SGForgotPasswordViewController.m; sourceTree = "<group>"; };
		C4114DE74D7369953965130B /* Pods-SmartGel.debug.xcconfig */ = {isa = PBXFileReference; includeInIndex = 1; lastKnownFileType = text.xcconfig; name = "Pods-SmartGel.debug.xcconfig"; path = "Pods/Target Support Files/Pods-SmartGel/Pods-SmartGel.debug.xcconfig"; sourceTree = "<group>"; };
		D7E78BA3CDC73ED1A175E361 /* libPods-SmartGel.a */ = {isa = PBXFileReference; explicitFileType = archive.ar; includeInIndex = 0; path = "libPods-SmartGel.a"; sourceTree = BUILT_PRODUCTS_DIR; };
/* End PBXFileReference section */

/* Begin PBXFrameworksBuildPhase section */
		8DA331EB1F7C8F3C0066148E /* Frameworks */ = {
			isa = PBXFrameworksBuildPhase;
			buildActionMask = 2147483647;
			files = (
				8DB669ED1FDA8FA800BB3966 /* AddressBook.framework in Frameworks */,
				8D80B2C71F7CA5A70025B804 /* Foundation.framework in Frameworks */,
				8D80B2C51F7CA4790025B804 /* QuartzCore.framework in Frameworks */,
				8D80B2C31F7CA4700025B804 /* AVFoundation.framework in Frameworks */,
				4D9EC0022FB45DA54B97CB5C /* libPods-SmartGel.a in Frameworks */,
			);
			runOnlyForDeploymentPostprocessing = 0;
		};
/* End PBXFrameworksBuildPhase section */

/* Begin PBXGroup section */
		25C1DD01098F0E65234675B7 /* Pods */ = {
			isa = PBXGroup;
			children = (
				C4114DE74D7369953965130B /* Pods-SmartGel.debug.xcconfig */,
				6058976D360D4762C162A03D /* Pods-SmartGel.release.xcconfig */,
			);
			name = Pods;
			sourceTree = "<group>";
		};
		502FE1017807AF3D1749DA47 /* Frameworks */ = {
			isa = PBXGroup;
			children = (
				8DB669F01FDB060000BB3966 /* ContactsUI.framework */,
				8DB669EF1FDB05F800BB3966 /* Contacts.framework */,
				8DB669EE1FDA8FB400BB3966 /* AddressBookUI.framework */,
				8DB669EC1FDA8FA000BB3966 /* AddressBook.framework */,
				8D80B2C61F7CA5A70025B804 /* Foundation.framework */,
				8D80B2C41F7CA4790025B804 /* QuartzCore.framework */,
				8D80B2C21F7CA4700025B804 /* AVFoundation.framework */,
				D7E78BA3CDC73ED1A175E361 /* libPods-SmartGel.a */,
			);
			name = Frameworks;
			sourceTree = "<group>";
		};
		8D56D54B1FECACBC0051EE76 /* dropdown */ = {
			isa = PBXGroup;
			children = (
				8D56D54D1FECACD70051EE76 /* AJDropDownPicker.h */,
				8D56D54C1FECACD70051EE76 /* AJDropDownPicker.m */,
			);
			name = dropdown;
			sourceTree = "<group>";
		};
		8D56D54F1FECFBF30051EE76 /* manager */ = {
			isa = PBXGroup;
			children = (
				8D56D5501FECFC1A0051EE76 /* SGFirebaseManager */,
				8DA3320F1F7C92590066148E /* engine */,
			);
			name = manager;
			sourceTree = "<group>";
		};
		8D56D5501FECFC1A0051EE76 /* SGFirebaseManager */ = {
			isa = PBXGroup;
			children = (
				8D56D5511FED090A0051EE76 /* SGFirebaseManager.h */,
				8D56D5521FED090A0051EE76 /* SGFirebaseManager.m */,
			);
			name = SGFirebaseManager;
			sourceTree = "<group>";
		};
		8D72F2391FE5B90D0047CB66 /* sign in */ = {
			isa = PBXGroup;
			children = (
				8D72F23B1FE5B97D0047CB66 /* SGUserSigninViewController.h */,
				8D72F23C1FE5B97D0047CB66 /* SGUserSigninViewController.m */,
				8DFCFD771FE665FD0074663B /* SGUserSignUpViewController.h */,
				8DFCFD781FE665FD0074663B /* SGUserSignUpViewController.m */,
				8DFCFD7D1FE6764C0074663B /* SGForgotPasswordViewController.h */,
				8DFCFD7E1FE6764C0074663B /* SGForgotPasswordViewController.m */,
			);
			name = "sign in";
			sourceTree = "<group>";
		};
		8DA331E51F7C8F3C0066148E = {
			isa = PBXGroup;
			children = (
				8DA331F01F7C8F3C0066148E /* SmartGel */,
				8DA331EF1F7C8F3C0066148E /* Products */,
				25C1DD01098F0E65234675B7 /* Pods */,
				502FE1017807AF3D1749DA47 /* Frameworks */,
			);
			sourceTree = "<group>";
		};
		8DA331EF1F7C8F3C0066148E /* Products */ = {
			isa = PBXGroup;
			children = (
				8DA331EE1F7C8F3C0066148E /* SmartGel.app */,
			);
			name = Products;
			sourceTree = "<group>";
		};
		8DA331F01F7C8F3C0066148E /* SmartGel */ = {
			isa = PBXGroup;
			children = (
				8DDC4FD91F944E9D00C92EEB /* resource */,
				8DB097921F9345210053C203 /* constant */,
				8DA3320E1F7C92440066148E /* vendor */,
				8D56D54F1FECFBF30051EE76 /* manager */,
				8DA3320A1F7C8FD30066148E /* view */,
				8DA332091F7C8FC90066148E /* model */,
				8DA332081F7C8FC00066148E /* controller */,
				8DA331F41F7C8F3C0066148E /* AppDelegate.h */,
				8DA331F51F7C8F3C0066148E /* AppDelegate.m */,
				8DA331FA1F7C8F3C0066148E /* Main.storyboard */,
				8DA331FD1F7C8F3C0066148E /* Assets.xcassets */,
				8DA331FF1F7C8F3C0066148E /* LaunchScreen.storyboard */,
				8D486CE71F87D67100CE0D4B /* GoogleService-Info.plist */,
				8DA332021F7C8F3C0066148E /* Info.plist */,
				8DA331F11F7C8F3C0066148E /* Supporting Files */,
			);
			path = SmartGel;
			sourceTree = "<group>";
		};
		8DA331F11F7C8F3C0066148E /* Supporting Files */ = {
			isa = PBXGroup;
			children = (
				8DA331F21F7C8F3C0066148E /* main.m */,
			);
			name = "Supporting Files";
			sourceTree = "<group>";
		};
		8DA332081F7C8FC00066148E /* controller */ = {
			isa = PBXGroup;
			children = (
				8D72F2391FE5B90D0047CB66 /* sign in */,
				8DB669F61FDE8B0F00BB3966 /* laboratory */,
				8DA3320B1F7C90430066148E /* SGHomeViewController.h */,
				8DA3320C1F7C90430066148E /* SGHomeViewController.m */,
				8D80B2CC1F7CF4BA0025B804 /* SGHistoryViewController.h */,
				8D80B2CD1F7CF4BA0025B804 /* SGHistoryViewController.m */,
				8DB0978F1F933A380053C203 /* SGMenuViewController.h */,
				8DB097901F933A380053C203 /* SGMenuViewController.m */,
				8DDC4FD01F93C8EE00C92EEB /* SGWebViewController.h */,
				8DDC4FD11F93C8EE00C92EEB /* SGWebViewController.m */,
				8DDC4FD31F93E41600C92EEB /* SGPdfViewController.h */,
				8DDC4FD41F93E41600C92EEB /* SGPdfViewController.m */,
				8DDC4FD61F9445A400C92EEB /* SGBaseViewController.h */,
				8DDC4FD71F9445A400C92EEB /* SGBaseViewController.m */,
				8D199ED41FCC4AB300704CE2 /* SGSettingViewController.h */,
				8D199ED51FCC4AB300704CE2 /* SGSettingViewController.m */,
				8D199ED71FCD56E200704CE2 /* SGHistoryDetailViewController.h */,
				8D199ED81FCD56E200704CE2 /* SGHistoryDetailViewController.m */,
				8D5A013F1FD08C54000FDB6D /* SGPictureEditViewController.h */,
				8D5A01401FD08C54000FDB6D /* SGPictureEditViewController.m */,
			);
			name = controller;
			sourceTree = "<group>";
		};
		8DA332091F7C8FC90066148E /* model */ = {
			isa = PBXGroup;
			children = (
				8D80B2BF1F7CA2C70025B804 /* EstimateImageModel.h */,
				8D80B2C01F7CA2C70025B804 /* EstimateImageModel.m */,
				8DB669E91FDA236100BB3966 /* LaboratoryDataModel.h */,
				8DB669EA1FDA236100BB3966 /* LaboratoryDataModel.m */,
				8D84CBB31FE813F2006B2F74 /* SGUser.h */,
				8D84CBB41FE813F2006B2F74 /* SGUser.m */,
			);
			name = model;
			sourceTree = "<group>";
		};
		8DA3320A1F7C8FD30066148E /* view */ = {
			isa = PBXGroup;
			children = (
				8D80B2CF1F7CFE810025B804 /* SGDateTimePickerView.h */,
				8D80B2D01F7CFE810025B804 /* SGDateTimePickerView.m */,
				8D80B2D11F7CFE810025B804 /* SGDateTimePickerView.xib */,
				8D80B2D21F7CFE810025B804 /* SGFilterView.xib */,
				8D80B2D31F7CFE810025B804 /* SmartGelHistoryCollectionViewCell.h */,
				8D80B2D41F7CFE810025B804 /* SmartGelHistoryCollectionViewCell.m */,
				8D80B2D51F7CFE810025B804 /* SmartGelHistoryCollectionViewCell.xib */,
				8DB0978A1F9338880053C203 /* SGMenuTableViewCell.h */,
				8DB0978B1F9338880053C203 /* SGMenuTableViewCell.m */,
				8DB0978D1F9338E20053C203 /* SGMenuTableViewCell.xib */,
				8D24C50F1FC5AC0F00D6C070 /* SGGridView.h */,
				8D24C5101FC5AC0F00D6C070 /* SGGridView.m */,
				8DB669F11FDE318E00BB3966 /* SGLaboratoryCollectionViewCell.h */,
				8DB669F21FDE318E00BB3966 /* SGLaboratoryCollectionViewCell.m */,
				8DB669F31FDE318E00BB3966 /* SGLaboratoryCollectionViewCell.xib */,
			);
			name = view;
			sourceTree = "<group>";
		};
		8DA3320E1F7C92440066148E /* vendor */ = {
			isa = PBXGroup;
			children = (
				8D56D54B1FECACBC0051EE76 /* dropdown */,
			);
			name = vendor;
			sourceTree = "<group>";
		};
		8DA3320F1F7C92590066148E /* engine */ = {
			isa = PBXGroup;
			children = (
				8DA332101F7C92880066148E /* DirtyExtractor.h */,
				8DA332111F7C92880066148E /* DirtyExtractor.m */,
			);
			name = engine;
			sourceTree = "<group>";
		};
		8DB097921F9345210053C203 /* constant */ = {
			isa = PBXGroup;
			children = (
				8DB097931F93456A0053C203 /* SGConstant.h */,
			);
			name = constant;
			sourceTree = "<group>";
		};
		8DB669F61FDE8B0F00BB3966 /* laboratory */ = {
			isa = PBXGroup;
			children = (
				8D5662511FD719D1008DFED2 /* SGLaboratoryViewController.h */,
				8D5662521FD719D1008DFED2 /* SGLaboratoryViewController.m */,
				8DB669F71FDE8B6100BB3966 /* SGLaboratoryItemViewController.h */,
				8DB669F81FDE8B6100BB3966 /* SGLaboratoryItemViewController.m */,
			);
			name = laboratory;
			sourceTree = "<group>";
		};
		8DDC4FD91F944E9D00C92EEB /* resource */ = {
			isa = PBXGroup;
			children = (
				8D56625A1FD8247B008DFED2 /* puriSCOPE_logo_color_190x30px.png */,
				8D56625C1FD8247C008DFED2 /* Smiley_.png */,
				8D56625B1FD8247B008DFED2 /* Smiley_(.png */,
				8D5662591FD8247B008DFED2 /* Smiley_).png */,
				8D5662581FD8247B008DFED2 /* Smiley_green.png */,
				8D5662571FD8247A008DFED2 /* Smiley_pink.png */,
				8D5662561FD8247A008DFED2 /* Smiley_yellow.png */,
				8D24C5121FC5E3D600D6C070 /* test.png */,
				8D24C5071FC510B200D6C070 /* smartgel-tests.json */,
				8DDC4FDA1F944ED200C92EEB /* tm_smart_gel.png */,
			);
			name = resource;
			sourceTree = "<group>";
		};
/* End PBXGroup section */

/* Begin PBXNativeTarget section */
		8DA331ED1F7C8F3C0066148E /* SmartGel */ = {
			isa = PBXNativeTarget;
			buildConfigurationList = 8DA332051F7C8F3C0066148E /* Build configuration list for PBXNativeTarget "SmartGel" */;
			buildPhases = (
				D4F1E978D708261555316906 /* [CP] Check Pods Manifest.lock */,
				8DA331EA1F7C8F3C0066148E /* Sources */,
				8DA331EB1F7C8F3C0066148E /* Frameworks */,
				8DA331EC1F7C8F3C0066148E /* Resources */,
				DC569FAB8E8D0CECF603B729 /* [CP] Embed Pods Frameworks */,
				CDBCBC14BA6A676F96420757 /* [CP] Copy Pods Resources */,
			);
			buildRules = (
			);
			dependencies = (
			);
			name = SmartGel;
			productName = SmartGel;
			productReference = 8DA331EE1F7C8F3C0066148E /* SmartGel.app */;
			productType = "com.apple.product-type.application";
		};
/* End PBXNativeTarget section */

/* Begin PBXProject section */
		8DA331E61F7C8F3C0066148E /* Project object */ = {
			isa = PBXProject;
			attributes = {
				LastUpgradeCheck = 0900;
				ORGANIZATIONNAME = AFCO;
				TargetAttributes = {
					8DA331ED1F7C8F3C0066148E = {
						CreatedOnToolsVersion = 8.3.3;
						DevelopmentTeam = L34GFT5E8L;
						ProvisioningStyle = Automatic;
					};
				};
			};
			buildConfigurationList = 8DA331E91F7C8F3C0066148E /* Build configuration list for PBXProject "SmartGel" */;
			compatibilityVersion = "Xcode 3.2";
			developmentRegion = English;
			hasScannedForEncodings = 0;
			knownRegions = (
				en,
				Base,
			);
			mainGroup = 8DA331E51F7C8F3C0066148E;
			productRefGroup = 8DA331EF1F7C8F3C0066148E /* Products */;
			projectDirPath = "";
			projectRoot = "";
			targets = (
				8DA331ED1F7C8F3C0066148E /* SmartGel */,
			);
		};
/* End PBXProject section */

/* Begin PBXResourcesBuildPhase section */
		8DA331EC1F7C8F3C0066148E /* Resources */ = {
			isa = PBXResourcesBuildPhase;
			buildActionMask = 2147483647;
			files = (
				8D24C5081FC510B300D6C070 /* smartgel-tests.json in Resources */,
				8D56625E1FD8247C008DFED2 /* Smiley_pink.png in Resources */,
				8DA332011F7C8F3C0066148E /* LaunchScreen.storyboard in Resources */,
				8D486CE81F87D67100CE0D4B /* GoogleService-Info.plist in Resources */,
				8D80B2D71F7CFE810025B804 /* SGDateTimePickerView.xib in Resources */,
				8D5662621FD8247C008DFED2 /* Smiley_(.png in Resources */,
				8DDC4FDB1F944ED400C92EEB /* tm_smart_gel.png in Resources */,
				8D56625F1FD8247C008DFED2 /* Smiley_green.png in Resources */,
				8D5662631FD8247C008DFED2 /* Smiley_.png in Resources */,
				8D80B2D81F7CFE810025B804 /* SGFilterView.xib in Resources */,
				8D5662611FD8247C008DFED2 /* puriSCOPE_logo_color_190x30px.png in Resources */,
				8D56625D1FD8247C008DFED2 /* Smiley_yellow.png in Resources */,
				8DA331FE1F7C8F3C0066148E /* Assets.xcassets in Resources */,
				8D80B2DA1F7CFE810025B804 /* SmartGelHistoryCollectionViewCell.xib in Resources */,
				8D5662601FD8247C008DFED2 /* Smiley_).png in Resources */,
				8DB669F51FDE318E00BB3966 /* SGLaboratoryCollectionViewCell.xib in Resources */,
				8DB0978E1F9338E20053C203 /* SGMenuTableViewCell.xib in Resources */,
				8DA331FC1F7C8F3C0066148E /* Main.storyboard in Resources */,
				8D24C5131FC5E3D600D6C070 /* test.png in Resources */,
			);
			runOnlyForDeploymentPostprocessing = 0;
		};
/* End PBXResourcesBuildPhase section */

/* Begin PBXShellScriptBuildPhase section */
		CDBCBC14BA6A676F96420757 /* [CP] Copy Pods Resources */ = {
			isa = PBXShellScriptBuildPhase;
			buildActionMask = 2147483647;
			files = (
			);
			inputPaths = (
				"${SRCROOT}/Pods/Target Support Files/Pods-SmartGel/Pods-SmartGel-resources.sh",
				"${PODS_ROOT}/GLCalendarView/GLCalendarView/Sources/Images/gl-calendar-magnify-glass.png",
				"${PODS_ROOT}/GLCalendarView/GLCalendarView/Sources/Images/gl-calendar-magnify-glass@2x.png",
				"${PODS_ROOT}/GLCalendarView/GLCalendarView/Sources/Images/gl-calendar-shadow.png",
				"${PODS_ROOT}/GLCalendarView/GLCalendarView/Sources/Images/gl-calendar-shadow@2x.png",
				"${PODS_ROOT}/GLCalendarView/GLCalendarView/Sources/Images/gl-calendar-shadow@3x.png",
				"${PODS_ROOT}/GLCalendarView/GLCalendarView/Sources/GLCalendarDayCell/GLCalendarDayCell.xib",
				"${PODS_ROOT}/GLCalendarView/GLCalendarView/Sources/GLCalendarView.xib",
				"${PODS_ROOT}/GPUImage/framework/Resources/lookup.png",
				"${PODS_ROOT}/GPUImage/framework/Resources/lookup_amatorka.png",
				"${PODS_ROOT}/GPUImage/framework/Resources/lookup_miss_etikate.png",
				"${PODS_ROOT}/GPUImage/framework/Resources/lookup_soft_elegance_1.png",
				"${PODS_ROOT}/GPUImage/framework/Resources/lookup_soft_elegance_2.png",
				"${PODS_ROOT}/PFNavigationDropdownMenu/Classes/PFNavigationDropdownMenu.bundle",
			);
			name = "[CP] Copy Pods Resources";
			outputPaths = (
				"${TARGET_BUILD_DIR}/${UNLOCALIZED_RESOURCES_FOLDER_PATH}",
			);
			runOnlyForDeploymentPostprocessing = 0;
			shellPath = /bin/sh;
			shellScript = "\"${SRCROOT}/Pods/Target Support Files/Pods-SmartGel/Pods-SmartGel-resources.sh\"\n";
			showEnvVarsInLog = 0;
		};
		D4F1E978D708261555316906 /* [CP] Check Pods Manifest.lock */ = {
			isa = PBXShellScriptBuildPhase;
			buildActionMask = 2147483647;
			files = (
			);
			inputPaths = (
				"${PODS_PODFILE_DIR_PATH}/Podfile.lock",
				"${PODS_ROOT}/Manifest.lock",
			);
			name = "[CP] Check Pods Manifest.lock";
			outputPaths = (
				"$(DERIVED_FILE_DIR)/Pods-SmartGel-checkManifestLockResult.txt",
			);
			runOnlyForDeploymentPostprocessing = 0;
			shellPath = /bin/sh;
			shellScript = "diff \"${PODS_PODFILE_DIR_PATH}/Podfile.lock\" \"${PODS_ROOT}/Manifest.lock\" > /dev/null\nif [ $? != 0 ] ; then\n    # print error to STDERR\n    echo \"error: The sandbox is not in sync with the Podfile.lock. Run 'pod install' or update your CocoaPods installation.\" >&2\n    exit 1\nfi\n# This output is used by Xcode 'outputs' to avoid re-running this script phase.\necho \"SUCCESS\" > \"${SCRIPT_OUTPUT_FILE_0}\"\n";
			showEnvVarsInLog = 0;
		};
		DC569FAB8E8D0CECF603B729 /* [CP] Embed Pods Frameworks */ = {
			isa = PBXShellScriptBuildPhase;
			buildActionMask = 2147483647;
			files = (
			);
			inputPaths = (
			);
			name = "[CP] Embed Pods Frameworks";
			outputPaths = (
			);
			runOnlyForDeploymentPostprocessing = 0;
			shellPath = /bin/sh;
			shellScript = "\"${SRCROOT}/Pods/Target Support Files/Pods-SmartGel/Pods-SmartGel-frameworks.sh\"\n";
			showEnvVarsInLog = 0;
		};
/* End PBXShellScriptBuildPhase section */

/* Begin PBXSourcesBuildPhase section */
		8DA331EA1F7C8F3C0066148E /* Sources */ = {
			isa = PBXSourcesBuildPhase;
			buildActionMask = 2147483647;
			files = (
				8D80B2D61F7CFE810025B804 /* SGDateTimePickerView.m in Sources */,
				8DB097911F933A380053C203 /* SGMenuViewController.m in Sources */,
				8D24C5111FC5AC0F00D6C070 /* SGGridView.m in Sources */,
				8DDC4FD21F93C8EE00C92EEB /* SGWebViewController.m in Sources */,
				8DDC4FD51F93E41600C92EEB /* SGPdfViewController.m in Sources */,
				8D199ED61FCC4AB300704CE2 /* SGSettingViewController.m in Sources */,
				8DB669F41FDE318E00BB3966 /* SGLaboratoryCollectionViewCell.m in Sources */,
				8DB0978C1F9338880053C203 /* SGMenuTableViewCell.m in Sources */,
				8DA331F61F7C8F3C0066148E /* AppDelegate.m in Sources */,
				8D84CBB51FE813F2006B2F74 /* SGUser.m in Sources */,
				8D199ED91FCD56E200704CE2 /* SGHistoryDetailViewController.m in Sources */,
				8D5662531FD719D1008DFED2 /* SGLaboratoryViewController.m in Sources */,
				8D80B2C11F7CA2C70025B804 /* EstimateImageModel.m in Sources */,
				8DB669F91FDE8B6100BB3966 /* SGLaboratoryItemViewController.m in Sources */,
				8DA331F31F7C8F3C0066148E /* main.m in Sources */,
				8D56D54E1FECACD80051EE76 /* AJDropDownPicker.m in Sources */,
				8DB669EB1FDA236100BB3966 /* LaboratoryDataModel.m in Sources */,
				8D80B2CE1F7CF4BA0025B804 /* SGHistoryViewController.m in Sources */,
				8DFCFD7F1FE6764C0074663B /* SGForgotPasswordViewController.m in Sources */,
				8D5A01411FD08C54000FDB6D /* SGPictureEditViewController.m in Sources */,
				8D56D5531FED090A0051EE76 /* SGFirebaseManager.m in Sources */,
				8DFCFD791FE665FD0074663B /* SGUserSignUpViewController.m in Sources */,
				8DA3320D1F7C90430066148E /* SGHomeViewController.m in Sources */,
				8D80B2D91F7CFE810025B804 /* SmartGelHistoryCollectionViewCell.m in Sources */,
				8D72F23D1FE5B97D0047CB66 /* SGUserSigninViewController.m in Sources */,
				8DDC4FD81F9445A400C92EEB /* SGBaseViewController.m in Sources */,
				8DA332121F7C92880066148E /* DirtyExtractor.m in Sources */,
			);
			runOnlyForDeploymentPostprocessing = 0;
		};
/* End PBXSourcesBuildPhase section */

/* Begin PBXVariantGroup section */
		8DA331FA1F7C8F3C0066148E /* Main.storyboard */ = {
			isa = PBXVariantGroup;
			children = (
				8DA331FB1F7C8F3C0066148E /* Base */,
			);
			name = Main.storyboard;
			sourceTree = "<group>";
		};
		8DA331FF1F7C8F3C0066148E /* LaunchScreen.storyboard */ = {
			isa = PBXVariantGroup;
			children = (
				8DA332001F7C8F3C0066148E /* Base */,
			);
			name = LaunchScreen.storyboard;
			sourceTree = "<group>";
		};
/* End PBXVariantGroup section */

/* Begin XCBuildConfiguration section */
		8DA332031F7C8F3C0066148E /* Debug */ = {
			isa = XCBuildConfiguration;
			buildSettings = {
				ALWAYS_SEARCH_USER_PATHS = NO;
				CLANG_ANALYZER_NONNULL = YES;
				CLANG_ANALYZER_NUMBER_OBJECT_CONVERSION = YES_AGGRESSIVE;
				CLANG_CXX_LANGUAGE_STANDARD = "gnu++0x";
				CLANG_CXX_LIBRARY = "libc++";
				CLANG_ENABLE_MODULES = YES;
				CLANG_ENABLE_OBJC_ARC = YES;
				CLANG_WARN_BLOCK_CAPTURE_AUTORELEASING = YES;
				CLANG_WARN_BOOL_CONVERSION = YES;
				CLANG_WARN_COMMA = YES;
				CLANG_WARN_CONSTANT_CONVERSION = YES;
				CLANG_WARN_DIRECT_OBJC_ISA_USAGE = YES_ERROR;
				CLANG_WARN_DOCUMENTATION_COMMENTS = YES;
				CLANG_WARN_EMPTY_BODY = YES;
				CLANG_WARN_ENUM_CONVERSION = YES;
				CLANG_WARN_INFINITE_RECURSION = YES;
				CLANG_WARN_INT_CONVERSION = YES;
				CLANG_WARN_NON_LITERAL_NULL_CONVERSION = YES;
				CLANG_WARN_OBJC_LITERAL_CONVERSION = YES;
				CLANG_WARN_OBJC_ROOT_CLASS = YES_ERROR;
				CLANG_WARN_RANGE_LOOP_ANALYSIS = YES;
				CLANG_WARN_STRICT_PROTOTYPES = YES;
				CLANG_WARN_SUSPICIOUS_MOVE = YES;
				CLANG_WARN_UNREACHABLE_CODE = YES;
				CLANG_WARN__DUPLICATE_METHOD_MATCH = YES;
				"CODE_SIGN_IDENTITY[sdk=iphoneos*]" = "iPhone Developer";
				COPY_PHASE_STRIP = NO;
				DEBUG_INFORMATION_FORMAT = dwarf;
				ENABLE_STRICT_OBJC_MSGSEND = YES;
				ENABLE_TESTABILITY = YES;
				GCC_C_LANGUAGE_STANDARD = gnu99;
				GCC_DYNAMIC_NO_PIC = NO;
				GCC_NO_COMMON_BLOCKS = YES;
				GCC_OPTIMIZATION_LEVEL = 0;
				GCC_PREPROCESSOR_DEFINITIONS = (
					"DEBUG=1",
					"$(inherited)",
				);
				GCC_WARN_64_TO_32_BIT_CONVERSION = YES;
				GCC_WARN_ABOUT_RETURN_TYPE = YES_ERROR;
				GCC_WARN_UNDECLARED_SELECTOR = YES;
				GCC_WARN_UNINITIALIZED_AUTOS = YES_AGGRESSIVE;
				GCC_WARN_UNUSED_FUNCTION = YES;
				GCC_WARN_UNUSED_VARIABLE = YES;
				IPHONEOS_DEPLOYMENT_TARGET = 10.3;
				MTL_ENABLE_DEBUG_INFO = YES;
				ONLY_ACTIVE_ARCH = YES;
				SDKROOT = iphoneos;
				TARGETED_DEVICE_FAMILY = "1,2";
			};
			name = Debug;
		};
		8DA332041F7C8F3C0066148E /* Release */ = {
			isa = XCBuildConfiguration;
			buildSettings = {
				ALWAYS_SEARCH_USER_PATHS = NO;
				CLANG_ANALYZER_NONNULL = YES;
				CLANG_ANALYZER_NUMBER_OBJECT_CONVERSION = YES_AGGRESSIVE;
				CLANG_CXX_LANGUAGE_STANDARD = "gnu++0x";
				CLANG_CXX_LIBRARY = "libc++";
				CLANG_ENABLE_MODULES = YES;
				CLANG_ENABLE_OBJC_ARC = YES;
				CLANG_WARN_BLOCK_CAPTURE_AUTORELEASING = YES;
				CLANG_WARN_BOOL_CONVERSION = YES;
				CLANG_WARN_COMMA = YES;
				CLANG_WARN_CONSTANT_CONVERSION = YES;
				CLANG_WARN_DIRECT_OBJC_ISA_USAGE = YES_ERROR;
				CLANG_WARN_DOCUMENTATION_COMMENTS = YES;
				CLANG_WARN_EMPTY_BODY = YES;
				CLANG_WARN_ENUM_CONVERSION = YES;
				CLANG_WARN_INFINITE_RECURSION = YES;
				CLANG_WARN_INT_CONVERSION = YES;
				CLANG_WARN_NON_LITERAL_NULL_CONVERSION = YES;
				CLANG_WARN_OBJC_LITERAL_CONVERSION = YES;
				CLANG_WARN_OBJC_ROOT_CLASS = YES_ERROR;
				CLANG_WARN_RANGE_LOOP_ANALYSIS = YES;
				CLANG_WARN_STRICT_PROTOTYPES = YES;
				CLANG_WARN_SUSPICIOUS_MOVE = YES;
				CLANG_WARN_UNREACHABLE_CODE = YES;
				CLANG_WARN__DUPLICATE_METHOD_MATCH = YES;
				"CODE_SIGN_IDENTITY[sdk=iphoneos*]" = "iPhone Developer";
				COPY_PHASE_STRIP = NO;
				DEBUG_INFORMATION_FORMAT = "dwarf-with-dsym";
				ENABLE_NS_ASSERTIONS = NO;
				ENABLE_STRICT_OBJC_MSGSEND = YES;
				GCC_C_LANGUAGE_STANDARD = gnu99;
				GCC_NO_COMMON_BLOCKS = YES;
				GCC_WARN_64_TO_32_BIT_CONVERSION = YES;
				GCC_WARN_ABOUT_RETURN_TYPE = YES_ERROR;
				GCC_WARN_UNDECLARED_SELECTOR = YES;
				GCC_WARN_UNINITIALIZED_AUTOS = YES_AGGRESSIVE;
				GCC_WARN_UNUSED_FUNCTION = YES;
				GCC_WARN_UNUSED_VARIABLE = YES;
				IPHONEOS_DEPLOYMENT_TARGET = 10.3;
				MTL_ENABLE_DEBUG_INFO = NO;
				SDKROOT = iphoneos;
				TARGETED_DEVICE_FAMILY = "1,2";
				VALIDATE_PRODUCT = YES;
			};
			name = Release;
		};
		8DA332061F7C8F3C0066148E /* Debug */ = {
			isa = XCBuildConfiguration;
			baseConfigurationReference = C4114DE74D7369953965130B /* Pods-SmartGel.debug.xcconfig */;
			buildSettings = {
				ASSETCATALOG_COMPILER_APPICON_NAME = AppIcon;
				"CODE_SIGN_IDENTITY[sdk=iphoneos*]" = "iPhone Developer";
				CODE_SIGN_STYLE = Automatic;
				DEVELOPMENT_TEAM = L34GFT5E8L;
				INFOPLIST_FILE = SmartGel/Info.plist;
				IPHONEOS_DEPLOYMENT_TARGET = 9.0;
				LD_RUNPATH_SEARCH_PATHS = "$(inherited) @executable_path/Frameworks";
				PRODUCT_BUNDLE_IDENTIFIER = com.afco.sg.smartgel;
				PRODUCT_NAME = "$(TARGET_NAME)";
				PROVISIONING_PROFILE = "";
				PROVISIONING_PROFILE_SPECIFIER = "";
				TARGETED_DEVICE_FAMILY = "1,2";
			};
			name = Debug;
		};
		8DA332071F7C8F3C0066148E /* Release */ = {
			isa = XCBuildConfiguration;
			baseConfigurationReference = 6058976D360D4762C162A03D /* Pods-SmartGel.release.xcconfig */;
			buildSettings = {
				ASSETCATALOG_COMPILER_APPICON_NAME = AppIcon;
				"CODE_SIGN_IDENTITY[sdk=iphoneos*]" = "iPhone Developer";
				CODE_SIGN_STYLE = Automatic;
				DEVELOPMENT_TEAM = L34GFT5E8L;
				INFOPLIST_FILE = SmartGel/Info.plist;
				IPHONEOS_DEPLOYMENT_TARGET = 9.0;
				LD_RUNPATH_SEARCH_PATHS = "$(inherited) @executable_path/Frameworks";
				PRODUCT_BUNDLE_IDENTIFIER = com.afco.sg.smartgel;
				PRODUCT_NAME = "$(TARGET_NAME)";
				PROVISIONING_PROFILE = "";
				PROVISIONING_PROFILE_SPECIFIER = "";
				TARGETED_DEVICE_FAMILY = "1,2";
			};
			name = Release;
		};
/* End XCBuildConfiguration section */

/* Begin XCConfigurationList section */
		8DA331E91F7C8F3C0066148E /* Build configuration list for PBXProject "SmartGel" */ = {
			isa = XCConfigurationList;
			buildConfigurations = (
				8DA332031F7C8F3C0066148E /* Debug */,
				8DA332041F7C8F3C0066148E /* Release */,
			);
			defaultConfigurationIsVisible = 0;
			defaultConfigurationName = Release;
		};
		8DA332051F7C8F3C0066148E /* Build configuration list for PBXNativeTarget "SmartGel" */ = {
			isa = XCConfigurationList;
			buildConfigurations = (
				8DA332061F7C8F3C0066148E /* Debug */,
				8DA332071F7C8F3C0066148E /* Release */,
			);
			defaultConfigurationIsVisible = 0;
			defaultConfigurationName = Release;
		};
/* End XCConfigurationList section */
	};
	rootObject = 8DA331E61F7C8F3C0066148E /* Project object */;
}
